
Microsoft Visual Studio Solution File, Format Version 12.00
# Visual Studio Version 17
VisualStudioVersion = 17.3.32929.385
MinimumVisualStudioVersion = 10.0.40219.1
Project("{9A19103F-16F7-4668-BE54-9A1E7A4F7556}") = "BankAPI", "BankAPI\BankAPI.csproj", "{D28E7E5D-F3DB-4E7B-BAA2-4430301A52EC}"
EndProject
Project("{FAE04EC0-301F-11D3-BF4B-00C04F79EFBC}") = "BankAPI.Tests", "BankAPI.Tests\BankAPI.Tests.csproj", "{AB32DF0E-861A-4BE6-951C-F047146ADD3B}"
EndProject
Global
	GlobalSection(SolutionConfigurationPlatforms) = preSolution
		Debug|Any CPU = Debug|Any CPU
		Release|Any CPU = Release|Any CPU
	EndGlobalSection
	GlobalSection(ProjectConfigurationPlatforms) = postSolution
		{D28E7E5D-F3DB-4E7B-BAA2-4430301A52EC}.Debug|Any CPU.ActiveCfg = Debug|Any CPU
		{D28E7E5D-F3DB-4E7B-BAA2-4430301A52EC}.Debug|Any CPU.Build.0 = Debug|Any CPU
		{D28E7E5D-F3DB-4E7B-BAA2-4430301A52EC}.Release|Any CPU.ActiveCfg = Release|Any CPU
		{D28E7E5D-F3DB-4E7B-BAA2-4430301A52EC}.Release|Any CPU.Build.0 = Release|Any CPU
		{AB32DF0E-861A-4BE6-951C-F047146ADD3B}.Debug|Any CPU.ActiveCfg = Debug|Any CPU
		{AB32DF0E-861A-4BE6-951C-F047146ADD3B}.Debug|Any CPU.Build.0 = Debug|Any CPU
		{AB32DF0E-861A-4BE6-951C-F047146ADD3B}.Release|Any CPU.ActiveCfg = Release|Any CPU
		{AB32DF0E-861A-4BE6-951C-F047146ADD3B}.Release|Any CPU.Build.0 = Release|Any CPU
	EndGlobalSection
	GlobalSection(SolutionProperties) = preSolution
		HideSolutionNode = FALSE
	EndGlobalSection
	GlobalSection(ExtensibilityGlobals) = postSolution
		SolutionGuid = {DCBFD3F8-7C2D-4DA3-9219-C6CF5E1DCB69}
	EndGlobalSection
EndGlobal
